{
  "nodes": {
    "base16-schemes": {
      "flake": false,
      "locked": {
        "lastModified": 1696158499,
        "narHash": "sha256-5yIHgDTPjoX/3oDEfLSQ0eJZdFL1SaCfb9d6M0RmOTM=",
        "owner": "tinted-theming",
        "repo": "base16-schemes",
        "rev": "a9112eaae86d9dd8ee6bb9445b664fba2f94037a",
        "type": "github"
      },
      "original": {
        "owner": "tinted-theming",
        "repo": "base16-schemes",
        "type": "github"
      }
    },
    "den": {
      "locked": {
        "lastModified": 1764187768,
        "narHash": "sha256-YjRXIG6K7iYbgWRG4/tqJIXFEW/fX2Tck8RwF+NEHlc=",
        "ref": "refs/heads/main",
        "rev": "3ec43279b5afea898737238a75178079bf91d606",
        "revCount": 164,
        "type": "git",
        "url": "https://tangled.org/oeiuwq.com/den"
      },
      "original": {
        "type": "git",
        "url": "https://tangled.org/oeiuwq.com/den"
      }
    },
    "flake-aspects": {
      "locked": {
        "lastModified": 1763763502,
        "narHash": "sha256-J78S02ZbBclWz7WKF8C+kHUca9/KdHtSeRgO/WF9LjY=",
        "ref": "refs/heads/main",
        "rev": "83c8e44186bc9631509a55cf5a053950ecd3dc30",
        "revCount": 64,
        "type": "git",
        "url": "https://tangled.org/oeiuwq.com/flake-aspects"
      },
      "original": {
        "type": "git",
        "url": "https://tangled.org/oeiuwq.com/flake-aspects"
      }
    },
    "flake-parts": {
      "inputs": {
        "nixpkgs-lib": "nixpkgs-lib"
      },
      "locked": {
        "lastModified": 1763759067,
        "narHash": "sha256-LlLt2Jo/gMNYAwOgdRQBrsRoOz7BPRkzvNaI/fzXi2Q=",
        "owner": "hercules-ci",
        "repo": "flake-parts",
        "rev": "2cccadc7357c0ba201788ae99c4dfa90728ef5e0",
        "type": "github"
      },
      "original": {
        "owner": "hercules-ci",
        "repo": "flake-parts",
        "type": "github"
      }
    },
    "home-manager": {
      "inputs": {
        "nixpkgs": [
          "nixpkgs"
        ]
      },
      "locked": {
        "lastModified": 1764998300,
        "narHash": "sha256-fZatn/KLfHLDXnF0wy7JxXqGaZmGDTVufT4o/AOlj44=",
        "owner": "nix-community",
        "repo": "home-manager",
        "rev": "27a6182347ccae90a88231ae0dc5dfa7d15815bb",
        "type": "github"
      },
      "original": {
        "owner": "nix-community",
        "repo": "home-manager",
        "type": "github"
      }
    },
    "import-tree": {
      "locked": {
        "lastModified": 1763762820,
        "narHash": "sha256-ZvYKbFib3AEwiNMLsejb/CWs/OL/srFQ8AogkebEPF0=",
        "ref": "refs/heads/main",
        "rev": "3c23749d8013ec6daa1d7255057590e9ca726646",
        "revCount": 87,
        "type": "git",
        "url": "https://tangled.org/oeiuwq.com/import-tree"
      },
      "original": {
        "type": "git",
        "url": "https://tangled.org/oeiuwq.com/import-tree"
      }
    },
    "nix-colors": {
      "inputs": {
        "base16-schemes": "base16-schemes",
        "nixpkgs-lib": [
          "flake-parts",
          "nixpkgs-lib"
        ]
      },
      "locked": {
        "lastModified": 1707825078,
        "narHash": "sha256-hTfge2J2W+42SZ7VHXkf4kjU+qzFqPeC9k66jAUBMHk=",
        "owner": "misterio77",
        "repo": "nix-colors",
        "rev": "b01f024090d2c4fc3152cd0cf12027a7b8453ba1",
        "type": "github"
      },
      "original": {
        "owner": "misterio77",
        "repo": "nix-colors",
        "type": "github"
      }
    },
    "nixos-facter-modules": {
      "locked": {
        "lastModified": 1764252389,
        "narHash": "sha256-3bbuneTKZBkYXlm0bE36kUjiDsasoIC1GWBw/UEJ9T4=",
        "owner": "nix-community",
        "repo": "nixos-facter-modules",
        "rev": "5ea68886d95218646d11d3551a476d458df00778",
        "type": "github"
      },
      "original": {
        "owner": "nix-community",
        "repo": "nixos-facter-modules",
        "type": "github"
      }
    },
    "nixos-hardware": {
      "locked": {
        "lastModified": 1764440730,
        "narHash": "sha256-ZlJTNLUKQRANlLDomuRWLBCH5792x+6XUJ4YdFRjtO4=",
        "owner": "nixos",
        "repo": "nixos-hardware",
        "rev": "9154f4569b6cdfd3c595851a6ba51bfaa472d9f3",
        "type": "github"
      },
      "original": {
        "owner": "nixos",
        "repo": "nixos-hardware",
        "type": "github"
      }
    },
    "nixpkgs": {
      "locked": {
        "lastModified": 1764950072,
        "narHash": "sha256-lft4/rbh1nFSjHqQatxPEq3n68+iH7QmT5Tqr784e0Q=",
        "rev": "f61125a668a320878494449750330ca58b78c557",
        "type": "tarball",
        "url": "https://releases.nixos.org/nixos/unstable/nixos-26.05pre907002.f61125a668a3/nixexprs.tar.xz"
      },
      "original": {
        "type": "tarball",
        "url": "https://channels.nixos.org/nixos-unstable/nixexprs.tar.xz"
      }
    },
    "nixpkgs-lib": {
      "locked": {
        "lastModified": 1761765539,
        "narHash": "sha256-b0yj6kfvO8ApcSE+QmA6mUfu8IYG6/uU28OFn4PaC8M=",
        "owner": "nix-community",
        "repo": "nixpkgs.lib",
        "rev": "719359f4562934ae99f5443f20aa06c2ffff91fc",
        "type": "github"
      },
      "original": {
        "owner": "nix-community",
        "repo": "nixpkgs.lib",
        "type": "github"
      }
    },
    "root": {
      "inputs": {
        "den": "den",
        "flake-aspects": "flake-aspects",
        "flake-parts": "flake-parts",
        "home-manager": "home-manager",
        "import-tree": "import-tree",
        "nix-colors": "nix-colors",
        "nixos-facter-modules": "nixos-facter-modules",
        "nixos-hardware": "nixos-hardware",
        "nixpkgs": "nixpkgs",
        "sops-nix": "sops-nix"
      }
    },
    "sops-nix": {
      "inputs": {
        "nixpkgs": [
          "nixpkgs"
        ]
      },
      "locked": {
        "lastModified": 1765079830,
        "narHash": "sha256-i9GMbBLkeZ7MVvy7+aAuErXkBkdRylHofrAjtpUPKt8=",
        "owner": "Mic92",
        "repo": "sops-nix",
        "rev": "aeb517262102f13683d7a191c7e496b34df8d24c",
        "type": "github"
      },
      "original": {
        "owner": "Mic92",
        "repo": "sops-nix",
        "type": "github"
      }
    }
  },
  "root": "root",
  "version": 7
}
