{
  "nodes": {
    "base16-schemes": {
      "flake": false,
      "locked": {
        "lastModified": 1696158499,
        "narHash": "sha256-5yIHgDTPjoX/3oDEfLSQ0eJZdFL1SaCfb9d6M0RmOTM=",
        "owner": "tinted-theming",
        "repo": "base16-schemes",
        "rev": "a9112eaae86d9dd8ee6bb9445b664fba2f94037a",
        "type": "github"
      },
      "original": {
        "owner": "tinted-theming",
        "repo": "base16-schemes",
        "type": "github"
      }
    },
    "den": {
      "locked": {
        "lastModified": 1776710169,
        "narHash": "sha256-q4WXIX2E3w9Ld3MZ1Pl8Lh5SgrEFdEuzvY1Lj/Wo2kY=",
        "ref": "refs/heads/main",
        "rev": "0af82e24be89b9fd400bd0b58b0fed5ea0f269ad",
        "revCount": 568,
        "type": "git",
        "url": "https://tangled.org/oeiuwq.com/den"
      },
      "original": {
        "type": "git",
        "url": "https://tangled.org/oeiuwq.com/den"
      }
    },
    "flake-aspects": {
      "locked": {
        "lastModified": 1773552804,
        "narHash": "sha256-a0kjpCZGnD5lt7yW6C3hzPhSf5KjnTyvX6XZ2NuhGs4=",
        "ref": "refs/heads/main",
        "rev": "56fa8d4d4772d58eb7f9d66c28c1cd2762b60423",
        "revCount": 90,
        "type": "git",
        "url": "https://tangled.org/oeiuwq.com/flake-aspects"
      },
      "original": {
        "type": "git",
        "url": "https://tangled.org/oeiuwq.com/flake-aspects"
      }
    },
    "flake-parts": {
      "inputs": {
        "nixpkgs-lib": "nixpkgs-lib"
      },
      "locked": {
        "lastModified": 1785627969,
        "narHash": "sha256-4dtXQk/NMePegK/nWp5NSeuZKLATItOq61lpEvmXqGw=",
        "owner": "hercules-ci",
        "repo": "flake-parts",
        "rev": "427bf4bd9435fdf21321c8cc628c24efc14c0f7a",
        "type": "github"
      },
      "original": {
        "owner": "hercules-ci",
        "repo": "flake-parts",
        "type": "github"
      }
    },
    "home-manager": {
      "inputs": {
        "nixpkgs": [
          "nixpkgs"
        ]
      },
      "locked": {
        "lastModified": 1786999651,
        "narHash": "sha256-MTGMFlLDTklsXhCp4r5GXB4VAVadPdalXLvUjd/K7h0=",
        "owner": "nix-community",
        "repo": "home-manager",
        "rev": "353742587cbaf079b3caee743115d037bc51fea6",
        "type": "github"
      },
      "original": {
        "owner": "nix-community",
        "repo": "home-manager",
        "type": "github"
      }
    },
    "import-tree": {
      "locked": {
        "lastModified": 1773554199,
        "narHash": "sha256-6apV5N1F5tTD8JY9AUGnkWmy56HqDPn4MNFRsq4Rg+s=",
        "ref": "refs/heads/main",
        "rev": "c6ebc59c85ee54cfb68163d06d1a3149ce0fe431",
        "revCount": 94,
        "type": "git",
        "url": "https://tangled.org/oeiuwq.com/import-tree"
      },
      "original": {
        "type": "git",
        "url": "https://tangled.org/oeiuwq.com/import-tree"
      }
    },
    "millennium": {
      "inputs": {
        "millennium-src": "millennium-src",
        "nixpkgs": "nixpkgs"
      },
      "locked": {
        "dir": "packages/nix",
        "lastModified": 1786997133,
        "narHash": "sha256-oefvOIPUZEQ9hHguR6kL0z1hR27ZbrFMclfQMI2KYAc=",
        "owner": "SteamClientHomebrew",
        "repo": "Millennium",
        "rev": "a969edf744f9c82a96f80081e910e16bfc6b9dd0",
        "type": "github"
      },
      "original": {
        "dir": "packages/nix",
        "owner": "SteamClientHomebrew",
        "repo": "Millennium",
        "type": "github"
      }
    },
    "millennium-src": {
      "flake": false,
      "locked": {
        "lastModified": 1783268941,
        "narHash": "sha256-MJLJ0I48HXgfOpISTAbDMYMUdWj9A6M+jGQz4uAvwyw=",
        "owner": "SteamClientHomebrew",
        "repo": "Millennium",
        "rev": "f37f05bdbd4727d873a1ad83ce72d062ef9a0c48",
        "type": "github"
      },
      "original": {
        "owner": "SteamClientHomebrew",
        "repo": "Millennium",
        "rev": "f37f05bdbd4727d873a1ad83ce72d062ef9a0c48",
        "type": "github"
      }
    },
    "niri": {
      "inputs": {
        "niri-stable": "niri-stable",
        "niri-unstable": "niri-unstable",
        "nixpkgs": [
          "nixpkgs"
        ],
        "nixpkgs-stable": "nixpkgs-stable",
        "xwayland-satellite-stable": "xwayland-satellite-stable",
        "xwayland-satellite-unstable": "xwayland-satellite-unstable"
      },
      "locked": {
        "lastModified": 1786956865,
        "narHash": "sha256-Cyl5AZr0qKCy22PEaAh7xWOiwDBoMY1Me0op1P+iAdw=",
        "owner": "epireyn",
        "repo": "niri-flake",
        "rev": "29232b22a4bce15cd5077615e582914766149548",
        "type": "github"
      },
      "original": {
        "owner": "epireyn",
        "repo": "niri-flake",
        "type": "github"
      }
    },
    "niri-stable": {
      "flake": false,
      "locked": {
        "lastModified": 1777115961,
        "narHash": "sha256-ehSMsSpE+0k8r+2Vseu8kangsYxToZv3vinynsDp9zs=",
        "owner": "niri-wm",
        "repo": "niri",
        "rev": "8ed0da44d974c32c6877d2f4630c314da0717ecb",
        "type": "github"
      },
      "original": {
        "owner": "niri-wm",
        "ref": "v26.04",
        "repo": "niri",
        "type": "github"
      }
    },
    "niri-unstable": {
      "flake": false,
      "locked": {
        "lastModified": 1786710356,
        "narHash": "sha256-ptAftnlkdXaVjEzA2e1DBM9NPPDOpHtsAhOI6KzY4NY=",
        "owner": "niri-wm",
        "repo": "niri",
        "rev": "606284464d4a99bb35710fee68192bc71085ee7c",
        "type": "github"
      },
      "original": {
        "owner": "niri-wm",
        "repo": "niri",
        "type": "github"
      }
    },
    "nix-colors": {
      "inputs": {
        "base16-schemes": "base16-schemes",
        "nixpkgs-lib": [
          "flake-parts",
          "nixpkgs-lib"
        ]
      },
      "locked": {
        "lastModified": 1707825078,
        "narHash": "sha256-hTfge2J2W+42SZ7VHXkf4kjU+qzFqPeC9k66jAUBMHk=",
        "owner": "misterio77",
        "repo": "nix-colors",
        "rev": "b01f024090d2c4fc3152cd0cf12027a7b8453ba1",
        "type": "github"
      },
      "original": {
        "owner": "misterio77",
        "repo": "nix-colors",
        "type": "github"
      }
    },
    "nixos-facter-modules": {
      "locked": {
        "lastModified": 1773858690,
        "narHash": "sha256-oW0/lC0oRG5H5LaK6Rmh9L1wmkn9TbenM4bXwnIEDKA=",
        "owner": "nix-community",
        "repo": "nixos-facter-modules",
        "rev": "139dcef4dfc97009629c445806f197883351ab4a",
        "type": "github"
      },
      "original": {
        "owner": "nix-community",
        "repo": "nixos-facter-modules",
        "type": "github"
      }
    },
    "nixos-hardware": {
      "inputs": {
        "nixpkgs": "nixpkgs_2"
      },
      "locked": {
        "lastModified": 1786867632,
        "narHash": "sha256-ez+ubZlA1RtdjCB18a6zJ9M4u8qoPDy08EcnsW5M3Xw=",
        "owner": "nixos",
        "repo": "nixos-hardware",
        "rev": "ff17823245ab9ff7bcae6acf950bd89cba82c38c",
        "type": "github"
      },
      "original": {
        "owner": "nixos",
        "repo": "nixos-hardware",
        "type": "github"
      }
    },
    "nixpkgs": {
      "locked": {
        "lastModified": 1781577229,
        "narHash": "sha256-lrp67w8AulE9Ks53n27I45ADSzbOCn4H+CNW1Ck8B+8=",
        "owner": "nixos",
        "repo": "nixpkgs",
        "rev": "567a49d1913ce81ac6e9582e3553dd90a955875f",
        "type": "github"
      },
      "original": {
        "owner": "nixos",
        "repo": "nixpkgs",
        "rev": "567a49d1913ce81ac6e9582e3553dd90a955875f",
        "type": "github"
      }
    },
    "nixpkgs-lib": {
      "locked": {
        "lastModified": 1785031560,
        "narHash": "sha256-OmshNvn2vupOFpYinLUu+1Dnpu4n7Q5N3ggGVNHpkUI=",
        "owner": "nix-community",
        "repo": "nixpkgs.lib",
        "rev": "0e79af5e3d4dcfcd676ab5ba3f95d2e3352e078c",
        "type": "github"
      },
      "original": {
        "owner": "nix-community",
        "repo": "nixpkgs.lib",
        "type": "github"
      }
    },
    "nixpkgs-stable": {
      "locked": {
        "lastModified": 1786943417,
        "narHash": "sha256-b4qgjdFtlz5TAZ1Hi7DFJeqX3sjaDUnrwr9OO+O1rM0=",
        "owner": "NixOS",
        "repo": "nixpkgs",
        "rev": "0dd31db7e6dbf9ce05697c4545f6fe01accec994",
        "type": "github"
      },
      "original": {
        "owner": "NixOS",
        "ref": "nixos-26.05",
        "repo": "nixpkgs",
        "type": "github"
      }
    },
    "nixpkgs_2": {
      "locked": {
        "lastModified": 1767892417,
        "narHash": "sha256-8bW3q88CEg2u4hSP66Vf4lpbLonHz7hqDNBMcCY7E9U=",
        "rev": "3497aa5c9457a9d88d71fa93a4a8368816fbeeba",
        "type": "tarball",
        "url": "https://releases.nixos.org/nixos/unstable/nixos-26.05pre924538.3497aa5c9457/nixexprs.tar.xz"
      },
      "original": {
        "type": "tarball",
        "url": "https://channels.nixos.org/nixos-unstable/nixexprs.tar.xz"
      }
    },
    "nixpkgs_3": {
      "locked": {
        "lastModified": 1786862985,
        "narHash": "sha256-FBJRXmbGXiSUDvYEbfLYRkckayyZ6SK1UEqhCrIZ2Cs=",
        "owner": "NixOS",
        "repo": "nixpkgs",
        "rev": "e5bdc4a41d4c072fe1e3787eaa0320a384741d44",
        "type": "github"
      },
      "original": {
        "owner": "NixOS",
        "ref": "nixos-unstable",
        "repo": "nixpkgs",
        "type": "github"
      }
    },
    "noctalia": {
      "inputs": {
        "nixpkgs": [
          "nixpkgs"
        ]
      },
      "locked": {
        "lastModified": 1787000081,
        "narHash": "sha256-sFyoCSeC+vwQUjQ54e2EBYh9EdYc7yGp31whjaYOOfk=",
        "owner": "noctalia-dev",
        "repo": "noctalia",
        "rev": "74db8e7a62c04e85c876da4827405700455c160c",
        "type": "github"
      },
      "original": {
        "owner": "noctalia-dev",
        "repo": "noctalia",
        "type": "github"
      }
    },
    "noctalia-greeter": {
      "inputs": {
        "nixpkgs": [
          "nixpkgs"
        ]
      },
      "locked": {
        "lastModified": 1786882377,
        "narHash": "sha256-NfnY22tYDrXfIuyexYyqB+jkO6IK23AqmhcNixkU7pw=",
        "owner": "noctalia-dev",
        "repo": "noctalia-greeter",
        "rev": "10d2c9074d3a9219e03b55b2c97f1cc743447af5",
        "type": "github"
      },
      "original": {
        "owner": "noctalia-dev",
        "repo": "noctalia-greeter",
        "type": "github"
      }
    },
    "root": {
      "inputs": {
        "den": "den",
        "flake-aspects": "flake-aspects",
        "flake-parts": "flake-parts",
        "home-manager": "home-manager",
        "import-tree": "import-tree",
        "millennium": "millennium",
        "niri": "niri",
        "nix-colors": "nix-colors",
        "nixos-facter-modules": "nixos-facter-modules",
        "nixos-hardware": "nixos-hardware",
        "nixpkgs": "nixpkgs_3",
        "noctalia": "noctalia",
        "noctalia-greeter": "noctalia-greeter",
        "sops-nix": "sops-nix"
      }
    },
    "sops-nix": {
      "inputs": {
        "nixpkgs": [
          "nixpkgs"
        ]
      },
      "locked": {
        "lastModified": 1786629091,
        "narHash": "sha256-gkig4nPi1CWc4Z50GBsjE4ygSE7hMpl/TwID2an2Cck=",
        "owner": "Mic92",
        "repo": "sops-nix",
        "rev": "a8627b21b9107c5711c96b84f32a9a4b3d45295f",
        "type": "github"
      },
      "original": {
        "owner": "Mic92",
        "repo": "sops-nix",
        "type": "github"
      }
    },
    "xwayland-satellite-stable": {
      "flake": false,
      "locked": {
        "lastModified": 1771195969,
        "narHash": "sha256-BUE41HjLIGPjq3U8VXPjf8asH8GaMI7FYdgrIHKFMXA=",
        "owner": "Supreeeme",
        "repo": "xwayland-satellite",
        "rev": "536bd32efc935bf876d6de385ec18a1b715c9358",
        "type": "github"
      },
      "original": {
        "owner": "Supreeeme",
        "ref": "v0.8.1",
        "repo": "xwayland-satellite",
        "type": "github"
      }
    },
    "xwayland-satellite-unstable": {
      "flake": false,
      "locked": {
        "lastModified": 1786221058,
        "narHash": "sha256-hF2atQzapHBLX5NFqJMcKZAWHfGkKQeNu1eQr46+AGg=",
        "owner": "Supreeeme",
        "repo": "xwayland-satellite",
        "rev": "3bc915f09dd62bb2651a715114f9d140344bc6c1",
        "type": "github"
      },
      "original": {
        "owner": "Supreeeme",
        "repo": "xwayland-satellite",
        "type": "github"
      }
    }
  },
  "root": "root",
  "version": 7
}
